Microsoft Visual Studio Solution File, Format Version 12.00
# Visual Studio Version 16
VisualStudioVersion = 16.0.29806.167
MinimumVisualStudioVersion = 15.0.26124.0
Project("{9A19103F-16F7-4668-BE54-9A1E7A4F7556}") = "OSDevGrp.MyDashboard.Core", "OSDevGrp.MyDashboard.Core\OSDevGrp.MyDashboard.Core.csproj", "{40CA9982-95CF-4FBE-A493-928C66588C14}"
EndProject
Project("{9A19103F-16F7-4668-BE54-9A1E7A4F7556}") = "OSDevGrp.MyDashboard.Core.Tests", "OSDevGrp.MyDashboard.Core.Tests\OSDevGrp.MyDashboard.Core.Tests.csproj", "{B6BA0B8D-FFD8-47BC-9704-C08920F10D9B}"
EndProject
Project("{9A19103F-16F7-4668-BE54-9A1E7A4F7556}") = "OSDevGrp.MyDashboard.Web", "OSDevGrp.MyDashboard.Web\OSDevGrp.MyDashboard.Web.csproj", "{FC8B4F9F-7698-449F-8E72-27BA8AABF7CE}"
EndProject
Project("{9A19103F-16F7-4668-BE54-9A1E7A4F7556}") = "OSDevGrp.MyDashboard.Web.Tests", "OSDevGrp.MyDashboard.Web.Tests\OSDevGrp.MyDashboard.Web.Tests.csproj", "{EC2CB1CE-80CA-4E59-8DFB-FA6B1C7602F2}"
EndProject
Global
	GlobalSection(SolutionConfigurationPlatforms) = preSolution
		Debug|Any CPU = Debug|Any CPU
		Debug|x64 = Debug|x64
		Debug|x86 = Debug|x86
		Release|Any CPU = Release|Any CPU
		Release|x64 = Release|x64
		Release|x86 = Release|x86
	EndGlobalSection
	GlobalSection(ProjectConfigurationPlatforms) = postSolution
		{40CA9982-95CF-4FBE-A493-928C66588C14}.Debug|Any CPU.ActiveCfg = Debug|Any CPU
		{40CA9982-95CF-4FBE-A493-928C66588C14}.Debug|Any CPU.Build.0 = Debug|Any CPU
		{40CA9982-95CF-4FBE-A493-928C66588C14}.Debug|x64.ActiveCfg = Debug|Any CPU
		{40CA9982-95CF-4FBE-A493-928C66588C14}.Debug|x64.Build.0 = Debug|Any CPU
		{40CA9982-95CF-4FBE-A493-928C66588C14}.Debug|x86.ActiveCfg = Debug|Any CPU
		{40CA9982-95CF-4FBE-A493-928C66588C14}.Debug|x86.Build.0 = Debug|Any CPU
		{40CA9982-95CF-4FBE-A493-928C66588C14}.Release|Any CPU.ActiveCfg = Release|Any CPU
		{40CA9982-95CF-4FBE-A493-928C66588C14}.Release|Any CPU.Build.0 = Release|Any CPU
		{40CA9982-95CF-4FBE-A493-928C66588C14}.Release|x64.ActiveCfg = Release|Any CPU
		{40CA9982-95CF-4FBE-A493-928C66588C14}.Release|x64.Build.0 = Release|Any CPU
		{40CA9982-95CF-4FBE-A493-928C66588C14}.Release|x86.ActiveCfg = Release|Any CPU
		{40CA9982-95CF-4FBE-A493-928C66588C14}.Release|x86.Build.0 = Release|Any CPU
		{B6BA0B8D-FFD8-47BC-9704-C08920F10D9B}.Debug|Any CPU.ActiveCfg = Debug|Any CPU
		{B6BA0B8D-FFD8-47BC-9704-C08920F10D9B}.Debug|Any CPU.Build.0 = Debug|Any CPU
		{B6BA0B8D-FFD8-47BC-9704-C08920F10D9B}.Debug|x64.ActiveCfg = Debug|Any CPU
		{B6BA0B8D-FFD8-47BC-9704-C08920F10D9B}.Debug|x64.Build.0 = Debug|Any CPU
		{B6BA0B8D-FFD8-47BC-9704-C08920F10D9B}.Debug|x86.ActiveCfg = Debug|Any CPU
		{B6BA0B8D-FFD8-47BC-9704-C08920F10D9B}.Debug|x86.Build.0 = Debug|Any CPU
		{B6BA0B8D-FFD8-47BC-9704-C08920F10D9B}.Release|Any CPU.ActiveCfg = Release|Any CPU
		{B6BA0B8D-FFD8-47BC-9704-C08920F10D9B}.Release|Any CPU.Build.0 = Release|Any CPU
		{B6BA0B8D-FFD8-47BC-9704-C08920F10D9B}.Release|x64.ActiveCfg = Release|Any CPU
		{B6BA0B8D-FFD8-47BC-9704-C08920F10D9B}.Release|x64.Build.0 = Release|Any CPU
		{B6BA0B8D-FFD8-47BC-9704-C08920F10D9B}.Release|x86.ActiveCfg = Release|Any CPU
		{B6BA0B8D-FFD8-47BC-9704-C08920F10D9B}.Release|x86.Build.0 = Release|Any CPU
		{FC8B4F9F-7698-449F-8E72-27BA8AABF7CE}.Debug|Any CPU.ActiveCfg = Debug|Any CPU
		{FC8B4F9F-7698-449F-8E72-27BA8AABF7CE}.Debug|Any CPU.Build.0 = Debug|Any CPU
		{FC8B4F9F-7698-449F-8E72-27BA8AABF7CE}.Debug|x64.ActiveCfg = Debug|Any CPU
		{FC8B4F9F-7698-449F-8E72-27BA8AABF7CE}.Debug|x64.Build.0 = Debug|Any CPU
		{FC8B4F9F-7698-449F-8E72-27BA8AABF7CE}.Debug|x86.ActiveCfg = Debug|Any CPU
		{FC8B4F9F-7698-449F-8E72-27BA8AABF7CE}.Debug|x86.Build.0 = Debug|Any CPU
		{FC8B4F9F-7698-449F-8E72-27BA8AABF7CE}.Release|Any CPU.ActiveCfg = Release|Any CPU
		{FC8B4F9F-7698-449F-8E72-27BA8AABF7CE}.Release|Any CPU.Build.0 = Release|Any CPU
		{FC8B4F9F-7698-449F-8E72-27BA8AABF7CE}.Release|x64.ActiveCfg = Release|Any CPU
		{FC8B4F9F-7698-449F-8E72-27BA8AABF7CE}.Release|x64.Build.0 = Release|Any CPU
		{FC8B4F9F-7698-449F-8E72-27BA8AABF7CE}.Release|x86.ActiveCfg = Release|Any CPU
		{FC8B4F9F-7698-449F-8E72-27BA8AABF7CE}.Release|x86.Build.0 = Release|Any CPU
		{EC2CB1CE-80CA-4E59-8DFB-FA6B1C7602F2}.Debug|Any CPU.ActiveCfg = Debug|Any CPU
		{EC2CB1CE-80CA-4E59-8DFB-FA6B1C7602F2}.Debug|Any CPU.Build.0 = Debug|Any CPU
		{EC2CB1CE-80CA-4E59-8DFB-FA6B1C7602F2}.Debug|x64.ActiveCfg = Debug|Any CPU
		{EC2CB1CE-80CA-4E59-8DFB-FA6B1C7602F2}.Debug|x64.Build.0 = Debug|Any CPU
		{EC2CB1CE-80CA-4E59-8DFB-FA6B1C7602F2}.Debug|x86.ActiveCfg = Debug|Any CPU
		{EC2CB1CE-80CA-4E59-8DFB-FA6B1C7602F2}.Debug|x86.Build.0 = Debug|Any CPU
		{EC2CB1CE-80CA-4E59-8DFB-FA6B1C7602F2}.Release|Any CPU.ActiveCfg = Release|Any CPU
		{EC2CB1CE-80CA-4E59-8DFB-FA6B1C7602F2}.Release|Any CPU.Build.0 = Release|Any CPU
		{EC2CB1CE-80CA-4E59-8DFB-FA6B1C7602F2}.Release|x64.ActiveCfg = Release|Any CPU
		{EC2CB1CE-80CA-4E59-8DFB-FA6B1C7602F2}.Release|x64.Build.0 = Release|Any CPU
		{EC2CB1CE-80CA-4E59-8DFB-FA6B1C7602F2}.Release|x86.ActiveCfg = Release|Any CPU
		{EC2CB1CE-80CA-4E59-8DFB-FA6B1C7602F2}.Release|x86.Build.0 = Release|Any CPU
	EndGlobalSection
	GlobalSection(SolutionProperties) = preSolution
		HideSolutionNode = FALSE
	EndGlobalSection
	GlobalSection(ExtensibilityGlobals) = postSolution
		SolutionGuid = {FF2EBF06-B840-4935-9B92-0EA40684F1C9}
	EndGlobalSection
EndGlobal
